
Microsoft Visual Studio Solution File, Format Version 12.00
# Visual Studio Version 17
VisualStudioVersion = 17.13.35919.96
MinimumVisualStudioVersion = 10.0.40219.1
Project("{FAE04EC0-301F-11D3-BF4B-00C04F79EFBC}") = "GymManagement.API", "GymManagment.API\GymManagement.API.csproj", "{8245F14E-A5FD-4F34-B707-8A25F50B75DB}"
	ProjectSection(ProjectDependencies) = postProject
		{1EFA9F16-582B-4DFC-A7FE-A5835AB39AE3} = {1EFA9F16-582B-4DFC-A7FE-A5835AB39AE3}
		{75820FEC-04EB-4CD6-8F41-C37ED7C80A9A} = {75820FEC-04EB-4CD6-8F41-C37ED7C80A9A}
	EndProjectSection
EndProject
Project("{FAE04EC0-301F-11D3-BF4B-00C04F79EFBC}") = "GymManagement.Core", "GymManagement.Core\GymManagement.Core.csproj", "{75820FEC-04EB-4CD6-8F41-C37ED7C80A9A}"
EndProject
Project("{FAE04EC0-301F-11D3-BF4B-00C04F79EFBC}") = "GymManagement.Infrastructure", "GymManagment.Infrastructure\GymManagement.Infrastructure.csproj", "{4B04F9A9-C143-4DE8-9BA0-AE0B19A3E64A}"
	ProjectSection(ProjectDependencies) = postProject
		{75820FEC-04EB-4CD6-8F41-C37ED7C80A9A} = {75820FEC-04EB-4CD6-8F41-C37ED7C80A9A}
	EndProjectSection
EndProject
Project("{FAE04EC0-301F-11D3-BF4B-00C04F79EFBC}") = "GymManagement.Services", "GymManagement.Services\GymManagement.Services.csproj", "{1EFA9F16-582B-4DFC-A7FE-A5835AB39AE3}"
	ProjectSection(ProjectDependencies) = postProject
		{4B04F9A9-C143-4DE8-9BA0-AE0B19A3E64A} = {4B04F9A9-C143-4DE8-9BA0-AE0B19A3E64A}
		{75820FEC-04EB-4CD6-8F41-C37ED7C80A9A} = {75820FEC-04EB-4CD6-8F41-C37ED7C80A9A}
	EndProjectSection
EndProject
Global
	GlobalSection(SolutionConfigurationPlatforms) = preSolution
		Debug|Any CPU = Debug|Any CPU
		Release|Any CPU = Release|Any CPU
	EndGlobalSection
	GlobalSection(ProjectConfigurationPlatforms) = postSolution
		{8245F14E-A5FD-4F34-B707-8A25F50B75DB}.Debug|Any CPU.ActiveCfg = Debug|Any CPU
		{8245F14E-A5FD-4F34-B707-8A25F50B75DB}.Debug|Any CPU.Build.0 = Debug|Any CPU
		{8245F14E-A5FD-4F34-B707-8A25F50B75DB}.Release|Any CPU.ActiveCfg = Release|Any CPU
		{8245F14E-A5FD-4F34-B707-8A25F50B75DB}.Release|Any CPU.Build.0 = Release|Any CPU
		{75820FEC-04EB-4CD6-8F41-C37ED7C80A9A}.Debug|Any CPU.ActiveCfg = Debug|Any CPU
		{75820FEC-04EB-4CD6-8F41-C37ED7C80A9A}.Debug|Any CPU.Build.0 = Debug|Any CPU
		{75820FEC-04EB-4CD6-8F41-C37ED7C80A9A}.Release|Any CPU.ActiveCfg = Release|Any CPU
		{75820FEC-04EB-4CD6-8F41-C37ED7C80A9A}.Release|Any CPU.Build.0 = Release|Any CPU
		{4B04F9A9-C143-4DE8-9BA0-AE0B19A3E64A}.Debug|Any CPU.ActiveCfg = Debug|Any CPU
		{4B04F9A9-C143-4DE8-9BA0-AE0B19A3E64A}.Debug|Any CPU.Build.0 = Debug|Any CPU
		{4B04F9A9-C143-4DE8-9BA0-AE0B19A3E64A}.Release|Any CPU.ActiveCfg = Release|Any CPU
		{4B04F9A9-C143-4DE8-9BA0-AE0B19A3E64A}.Release|Any CPU.Build.0 = Release|Any CPU
		{1EFA9F16-582B-4DFC-A7FE-A5835AB39AE3}.Debug|Any CPU.ActiveCfg = Debug|Any CPU
		{1EFA9F16-582B-4DFC-A7FE-A5835AB39AE3}.Debug|Any CPU.Build.0 = Debug|Any CPU
		{1EFA9F16-582B-4DFC-A7FE-A5835AB39AE3}.Release|Any CPU.ActiveCfg = Release|Any CPU
		{1EFA9F16-582B-4DFC-A7FE-A5835AB39AE3}.Release|Any CPU.Build.0 = Release|Any CPU
	EndGlobalSection
	GlobalSection(SolutionProperties) = preSolution
		HideSolutionNode = FALSE
	EndGlobalSection
	GlobalSection(ExtensibilityGlobals) = postSolution
		SolutionGuid = {AD8E3B9A-A00F-407A-A8C6-B630803D0DB8}
	EndGlobalSection
EndGlobal
